Microsoft Visual Studio Solution File, Format Version 12.00
# Visual Studio Version 16
VisualStudioVersion = 16.0.29230.47
MinimumVisualStudioVersion = 10.0.40219.1
Project("{9A19103F-16F7-4668-BE54-9A1E7A4F7556}") = "Headstart.Common", "src\Headstart.Common\Headstart.Common.csproj", "{487E6294-64B7-4D14-A906-71513D5C49E4}"
EndProject
Project("{9A19103F-16F7-4668-BE54-9A1E7A4F7556}") = "Headstart.API", "src\Headstart.API\Headstart.API.csproj", "{BCC741E1-26B7-4AB3-9CA4-D74128C5EB10}"
EndProject
Project("{2150E333-8FDC-42A3-9474-1A3956D46DE8}") = "Tests", "Tests", "{0B969DE0-4342-474E-A83B-BF34DAF05600}"
EndProject
Project("{2150E333-8FDC-42A3-9474-1A3956D46DE8}") = "SolutionItems", "SolutionItems", "{914CFF67-B4A4-464F-B3DB-23A8B09F88E2}"
	ProjectSection(SolutionItems) = preProject
		..\..\.editorconfig = ..\..\.editorconfig
		nuget.config = nuget.config
	EndProjectSection
EndProject
Project("{9A19103F-16F7-4668-BE54-9A1E7A4F7556}") = "OrderCloud.Integrations.Library", "integrations\OrderCloud.Integrations.Library\OrderCloud.Integrations.Library.csproj", "{854B7782-2147-4820-9237-86AE4FE741D5}"
EndProject
Project("{9A19103F-16F7-4668-BE54-9A1E7A4F7556}") = "OrderCloud.Integrations.ExchangeRates", "integrations\OrderCloud.Integrations.ExchangeRates\OrderCloud.Integrations.ExchangeRates.csproj", "{D1C77C25-FC09-4E94-BF8A-35D55967ABE9}"
EndProject
Project("{9A19103F-16F7-4668-BE54-9A1E7A4F7556}") = "OrderCloud.Integrations.CardConnect", "integrations\OrderCloud.Integrations.CardConnect\OrderCloud.Integrations.CardConnect.csproj", "{5C320131-2000-4FCB-BCF6-0F8E62D52BCF}"
EndProject
Project("{9A19103F-16F7-4668-BE54-9A1E7A4F7556}") = "OrderCloud.Integrations.Avalara", "integrations\OrderCloud.Integrations.Avalara\OrderCloud.Integrations.Avalara.csproj", "{818EB883-B66B-4B88-8267-9CF196D05D8B}"
EndProject
Project("{9A19103F-16F7-4668-BE54-9A1E7A4F7556}") = "OrderCloud.Integrations.Smarty", "integrations\OrderCloud.Integrations.Smarty\OrderCloud.Integrations.Smarty.csproj", "{237BAFE6-2F8B-418A-8A50-026885ABC4CC}"
EndProject
Project("{9A19103F-16F7-4668-BE54-9A1E7A4F7556}") = "smartystreets.tests", "tests\smartystreets.test\smartystreets.tests.csproj", "{DC1767FC-9E4C-4A2C-8B33-1D9596E0DACC}"
EndProject
Project("{9A19103F-16F7-4668-BE54-9A1E7A4F7556}") = "avalara.tests", "tests\avalara.tests\avalara.tests.csproj", "{E9449028-CDA4-4E6E-A838-2C7AC9C0B8D7}"
EndProject
Project("{9A19103F-16F7-4668-BE54-9A1E7A4F7556}") = "cardconnect.tests", "tests\cardconnect.tests\cardconnect.tests.csproj", "{1ECC06E2-393D-460E-B3E4-CC6A91DF621E}"
EndProject
Project("{9A19103F-16F7-4668-BE54-9A1E7A4F7556}") = "exchangerates.tests", "tests\exchangerates.tests\exchangerates.tests.csproj", "{5EDB5CF5-9FC3-4893-8197-26DE665DB121}"
EndProject
Project("{9A19103F-16F7-4668-BE54-9A1E7A4F7556}") = "library.tests", "tests\library.tests\library.tests.csproj", "{3C0447C0-F5E2-4E43-939F-5FDC9A56B74E}"
EndProject
Project("{9A19103F-16F7-4668-BE54-9A1E7A4F7556}") = "Headstart.Tests", "tests\Headstart.Tests\Headstart.Tests.csproj", "{CDC067B9-27B3-47B8-9E82-442D79156AE5}"
EndProject
Project("{2150E333-8FDC-42A3-9474-1A3956D46DE8}") = "Integrations", "Integrations", "{CCAF8AD5-2FCC-46E0-82EF-2FCC0EEC8B16}"
EndProject
Project("{9A19103F-16F7-4668-BE54-9A1E7A4F7556}") = "OrderCloud.Integrations.EasyPost", "integrations\OrderCloud.Integrations.EasyPost\OrderCloud.Integrations.EasyPost.csproj", "{DA2B1503-680A-44BA-B23D-0188BF282B2E}"
EndProject
Project("{9A19103F-16F7-4668-BE54-9A1E7A4F7556}") = "Headstart.Jobs", "src\Headstart.Jobs\Headstart.Jobs.csproj", "{93F86722-0DA4-40E6-88F8-FB6C6EE5A27A}"
EndProject
Project("{9A19103F-16F7-4668-BE54-9A1E7A4F7556}") = "OrderCloud.Integrations.Vertex", "integrations\OrderCloud.Integrations.Vertex\OrderCloud.Integrations.Vertex.csproj", "{FF77C6FA-058A-45E4-9D3D-A6D185892AEC}"
EndProject
Project("{9A19103F-16F7-4668-BE54-9A1E7A4F7556}") = "OrderCloud.Integrations.TaxJar", "integrations\OrderCloud.Integrations.TaxJar\OrderCloud.Integrations.TaxJar.csproj", "{39EA02AA-FD2B-4FF5-9CF4-6215659894A8}"
EndProject
Project("{9A19103F-16F7-4668-BE54-9A1E7A4F7556}") = "cosmos.tests", "tests\cosmos.tests\cosmos.tests.csproj", "{7A71847F-B858-4727-A3D6-79B065DEC3CB}"
EndProject
Project("{9A19103F-16F7-4668-BE54-9A1E7A4F7556}") = "easypost.tests", "tests\easypost.tests\easypost.tests.csproj", "{22090703-6BE8-4146-9211-381DBE7F092E}"
EndProject
Global
	GlobalSection(SolutionConfigurationPlatforms) = preSolution
		Debug|Any CPU = Debug|Any CPU
		Release|Any CPU = Release|Any CPU
	EndGlobalSection
	GlobalSection(ProjectConfigurationPlatforms) = postSolution
		{487E6294-64B7-4D14-A906-71513D5C49E4}.Debug|Any CPU.ActiveCfg = Debug|Any CPU
		{487E6294-64B7-4D14-A906-71513D5C49E4}.Debug|Any CPU.Build.0 = Debug|Any CPU
		{487E6294-64B7-4D14-A906-71513D5C49E4}.Release|Any CPU.ActiveCfg = Release|Any CPU
		{487E6294-64B7-4D14-A906-71513D5C49E4}.Release|Any CPU.Build.0 = Release|Any CPU
		{BCC741E1-26B7-4AB3-9CA4-D74128C5EB10}.Debug|Any CPU.ActiveCfg = Debug|Any CPU
		{BCC741E1-26B7-4AB3-9CA4-D74128C5EB10}.Debug|Any CPU.Build.0 = Debug|Any CPU
		{BCC741E1-26B7-4AB3-9CA4-D74128C5EB10}.Release|Any CPU.ActiveCfg = Release|Any CPU
		{BCC741E1-26B7-4AB3-9CA4-D74128C5EB10}.Release|Any CPU.Build.0 = Release|Any CPU
		{854B7782-2147-4820-9237-86AE4FE741D5}.Debug|Any CPU.ActiveCfg = Debug|Any CPU
		{854B7782-2147-4820-9237-86AE4FE741D5}.Debug|Any CPU.Build.0 = Debug|Any CPU
		{854B7782-2147-4820-9237-86AE4FE741D5}.Release|Any CPU.ActiveCfg = Release|Any CPU
		{854B7782-2147-4820-9237-86AE4FE741D5}.Release|Any CPU.Build.0 = Release|Any CPU
		{D1C77C25-FC09-4E94-BF8A-35D55967ABE9}.Debug|Any CPU.ActiveCfg = Debug|Any CPU
		{D1C77C25-FC09-4E94-BF8A-35D55967ABE9}.Debug|Any CPU.Build.0 = Debug|Any CPU
		{D1C77C25-FC09-4E94-BF8A-35D55967ABE9}.Release|Any CPU.ActiveCfg = Release|Any CPU
		{D1C77C25-FC09-4E94-BF8A-35D55967ABE9}.Release|Any CPU.Build.0 = Release|Any CPU
		{5C320131-2000-4FCB-BCF6-0F8E62D52BCF}.Debug|Any CPU.ActiveCfg = Debug|Any CPU
		{5C320131-2000-4FCB-BCF6-0F8E62D52BCF}.Debug|Any CPU.Build.0 = Debug|Any CPU
		{5C320131-2000-4FCB-BCF6-0F8E62D52BCF}.Release|Any CPU.ActiveCfg = Release|Any CPU
		{5C320131-2000-4FCB-BCF6-0F8E62D52BCF}.Release|Any CPU.Build.0 = Release|Any CPU
		{818EB883-B66B-4B88-8267-9CF196D05D8B}.Debug|Any CPU.ActiveCfg = Debug|Any CPU
		{818EB883-B66B-4B88-8267-9CF196D05D8B}.Debug|Any CPU.Build.0 = Debug|Any CPU
		{818EB883-B66B-4B88-8267-9CF196D05D8B}.Release|Any CPU.ActiveCfg = Release|Any CPU
		{818EB883-B66B-4B88-8267-9CF196D05D8B}.Release|Any CPU.Build.0 = Release|Any CPU
		{237BAFE6-2F8B-418A-8A50-026885ABC4CC}.Debug|Any CPU.ActiveCfg = Debug|Any CPU
		{237BAFE6-2F8B-418A-8A50-026885ABC4CC}.Debug|Any CPU.Build.0 = Debug|Any CPU
		{237BAFE6-2F8B-418A-8A50-026885ABC4CC}.Release|Any CPU.ActiveCfg = Release|Any CPU
		{237BAFE6-2F8B-418A-8A50-026885ABC4CC}.Release|Any CPU.Build.0 = Release|Any CPU
		{DC1767FC-9E4C-4A2C-8B33-1D9596E0DACC}.Debug|Any CPU.ActiveCfg = Debug|Any CPU
		{DC1767FC-9E4C-4A2C-8B33-1D9596E0DACC}.Debug|Any CPU.Build.0 = Debug|Any CPU
		{DC1767FC-9E4C-4A2C-8B33-1D9596E0DACC}.Release|Any CPU.ActiveCfg = Release|Any CPU
		{DC1767FC-9E4C-4A2C-8B33-1D9596E0DACC}.Release|Any CPU.Build.0 = Release|Any CPU
		{E9449028-CDA4-4E6E-A838-2C7AC9C0B8D7}.Debug|Any CPU.ActiveCfg = Debug|Any CPU
		{E9449028-CDA4-4E6E-A838-2C7AC9C0B8D7}.Debug|Any CPU.Build.0 = Debug|Any CPU
		{E9449028-CDA4-4E6E-A838-2C7AC9C0B8D7}.Release|Any CPU.ActiveCfg = Release|Any CPU
		{E9449028-CDA4-4E6E-A838-2C7AC9C0B8D7}.Release|Any CPU.Build.0 = Release|Any CPU
		{1ECC06E2-393D-460E-B3E4-CC6A91DF621E}.Debug|Any CPU.ActiveCfg = Debug|Any CPU
		{1ECC06E2-393D-460E-B3E4-CC6A91DF621E}.Debug|Any CPU.Build.0 = Debug|Any CPU
		{1ECC06E2-393D-460E-B3E4-CC6A91DF621E}.Release|Any CPU.ActiveCfg = Release|Any CPU
		{1ECC06E2-393D-460E-B3E4-CC6A91DF621E}.Release|Any CPU.Build.0 = Release|Any CPU
		{5EDB5CF5-9FC3-4893-8197-26DE665DB121}.Debug|Any CPU.ActiveCfg = Debug|Any CPU
		{5EDB5CF5-9FC3-4893-8197-26DE665DB121}.Debug|Any CPU.Build.0 = Debug|Any CPU
		{5EDB5CF5-9FC3-4893-8197-26DE665DB121}.Release|Any CPU.ActiveCfg = Release|Any CPU
		{5EDB5CF5-9FC3-4893-8197-26DE665DB121}.Release|Any CPU.Build.0 = Release|Any CPU
		{3C0447C0-F5E2-4E43-939F-5FDC9A56B74E}.Debug|Any CPU.ActiveCfg = Debug|Any CPU
		{3C0447C0-F5E2-4E43-939F-5FDC9A56B74E}.Debug|Any CPU.Build.0 = Debug|Any CPU
		{3C0447C0-F5E2-4E43-939F-5FDC9A56B74E}.Release|Any CPU.ActiveCfg = Release|Any CPU
		{3C0447C0-F5E2-4E43-939F-5FDC9A56B74E}.Release|Any CPU.Build.0 = Release|Any CPU
		{CDC067B9-27B3-47B8-9E82-442D79156AE5}.Debug|Any CPU.ActiveCfg = Debug|Any CPU
		{CDC067B9-27B3-47B8-9E82-442D79156AE5}.Debug|Any CPU.Build.0 = Debug|Any CPU
		{CDC067B9-27B3-47B8-9E82-442D79156AE5}.Release|Any CPU.ActiveCfg = Release|Any CPU
		{CDC067B9-27B3-47B8-9E82-442D79156AE5}.Release|Any CPU.Build.0 = Release|Any CPU
		{DA2B1503-680A-44BA-B23D-0188BF282B2E}.Debug|Any CPU.ActiveCfg = Debug|Any CPU
		{DA2B1503-680A-44BA-B23D-0188BF282B2E}.Debug|Any CPU.Build.0 = Debug|Any CPU
		{DA2B1503-680A-44BA-B23D-0188BF282B2E}.Release|Any CPU.ActiveCfg = Release|Any CPU
		{DA2B1503-680A-44BA-B23D-0188BF282B2E}.Release|Any CPU.Build.0 = Release|Any CPU
		{93F86722-0DA4-40E6-88F8-FB6C6EE5A27A}.Debug|Any CPU.ActiveCfg = Debug|Any CPU
		{93F86722-0DA4-40E6-88F8-FB6C6EE5A27A}.Debug|Any CPU.Build.0 = Debug|Any CPU
		{93F86722-0DA4-40E6-88F8-FB6C6EE5A27A}.Release|Any CPU.ActiveCfg = Release|Any CPU
		{93F86722-0DA4-40E6-88F8-FB6C6EE5A27A}.Release|Any CPU.Build.0 = Release|Any CPU
		{FF77C6FA-058A-45E4-9D3D-A6D185892AEC}.Debug|Any CPU.ActiveCfg = Debug|Any CPU
		{FF77C6FA-058A-45E4-9D3D-A6D185892AEC}.Debug|Any CPU.Build.0 = Debug|Any CPU
		{FF77C6FA-058A-45E4-9D3D-A6D185892AEC}.Release|Any CPU.ActiveCfg = Release|Any CPU
		{FF77C6FA-058A-45E4-9D3D-A6D185892AEC}.Release|Any CPU.Build.0 = Release|Any CPU
		{39EA02AA-FD2B-4FF5-9CF4-6215659894A8}.Debug|Any CPU.ActiveCfg = Debug|Any CPU
		{39EA02AA-FD2B-4FF5-9CF4-6215659894A8}.Debug|Any CPU.Build.0 = Debug|Any CPU
		{39EA02AA-FD2B-4FF5-9CF4-6215659894A8}.Release|Any CPU.ActiveCfg = Release|Any CPU
		{39EA02AA-FD2B-4FF5-9CF4-6215659894A8}.Release|Any CPU.Build.0 = Release|Any CPU
		{7A71847F-B858-4727-A3D6-79B065DEC3CB}.Debug|Any CPU.ActiveCfg = Debug|Any CPU
		{7A71847F-B858-4727-A3D6-79B065DEC3CB}.Debug|Any CPU.Build.0 = Debug|Any CPU
		{7A71847F-B858-4727-A3D6-79B065DEC3CB}.Release|Any CPU.ActiveCfg = Release|Any CPU
		{7A71847F-B858-4727-A3D6-79B065DEC3CB}.Release|Any CPU.Build.0 = Release|Any CPU
		{22090703-6BE8-4146-9211-381DBE7F092E}.Debug|Any CPU.ActiveCfg = Debug|Any CPU
		{22090703-6BE8-4146-9211-381DBE7F092E}.Debug|Any CPU.Build.0 = Debug|Any CPU
		{22090703-6BE8-4146-9211-381DBE7F092E}.Release|Any CPU.ActiveCfg = Release|Any CPU
		{22090703-6BE8-4146-9211-381DBE7F092E}.Release|Any CPU.Build.0 = Release|Any CPU
	EndGlobalSection
	GlobalSection(SolutionProperties) = preSolution
		HideSolutionNode = FALSE
	EndGlobalSection
	GlobalSection(NestedProjects) = preSolution
		{854B7782-2147-4820-9237-86AE4FE741D5} = {CCAF8AD5-2FCC-46E0-82EF-2FCC0EEC8B16}
		{D1C77C25-FC09-4E94-BF8A-35D55967ABE9} = {CCAF8AD5-2FCC-46E0-82EF-2FCC0EEC8B16}
		{5C320131-2000-4FCB-BCF6-0F8E62D52BCF} = {CCAF8AD5-2FCC-46E0-82EF-2FCC0EEC8B16}
		{818EB883-B66B-4B88-8267-9CF196D05D8B} = {CCAF8AD5-2FCC-46E0-82EF-2FCC0EEC8B16}
		{237BAFE6-2F8B-418A-8A50-026885ABC4CC} = {CCAF8AD5-2FCC-46E0-82EF-2FCC0EEC8B16}
		{DC1767FC-9E4C-4A2C-8B33-1D9596E0DACC} = {0B969DE0-4342-474E-A83B-BF34DAF05600}
		{E9449028-CDA4-4E6E-A838-2C7AC9C0B8D7} = {0B969DE0-4342-474E-A83B-BF34DAF05600}
		{1ECC06E2-393D-460E-B3E4-CC6A91DF621E} = {0B969DE0-4342-474E-A83B-BF34DAF05600}
		{5EDB5CF5-9FC3-4893-8197-26DE665DB121} = {0B969DE0-4342-474E-A83B-BF34DAF05600}
		{3C0447C0-F5E2-4E43-939F-5FDC9A56B74E} = {0B969DE0-4342-474E-A83B-BF34DAF05600}
		{CDC067B9-27B3-47B8-9E82-442D79156AE5} = {0B969DE0-4342-474E-A83B-BF34DAF05600}
		{DA2B1503-680A-44BA-B23D-0188BF282B2E} = {CCAF8AD5-2FCC-46E0-82EF-2FCC0EEC8B16}
		{FF77C6FA-058A-45E4-9D3D-A6D185892AEC} = {CCAF8AD5-2FCC-46E0-82EF-2FCC0EEC8B16}
		{39EA02AA-FD2B-4FF5-9CF4-6215659894A8} = {CCAF8AD5-2FCC-46E0-82EF-2FCC0EEC8B16}
		{7A71847F-B858-4727-A3D6-79B065DEC3CB} = {0B969DE0-4342-474E-A83B-BF34DAF05600}
		{22090703-6BE8-4146-9211-381DBE7F092E} = {0B969DE0-4342-474E-A83B-BF34DAF05600}
	EndGlobalSection
	GlobalSection(ExtensibilityGlobals) = postSolution
		SolutionGuid = {D28C7C46-780F-4A68-80B8-9789997A37F7}
	EndGlobalSection
EndGlobal
