Microsoft Visual Studio Solution File, Format Version 12.00
# Visual Studio Version 16
VisualStudioVersion = 16.0.29230.47
MinimumVisualStudioVersion = 10.0.40219.1
Project("{9A19103F-16F7-4668-BE54-9A1E7A4F7556}") = "Headstart.Common", "src\Headstart.Common\Headstart.Common.csproj", "{487E6294-64B7-4D14-A906-71513D5C49E4}"
EndProject
Project("{9A19103F-16F7-4668-BE54-9A1E7A4F7556}") = "Headstart.API", "src\Headstart.API\Headstart.API.csproj", "{BCC741E1-26B7-4AB3-9CA4-D74128C5EB10}"
EndProject
Project("{2150E333-8FDC-42A3-9474-1A3956D46DE8}") = "Tests", "Tests", "{0B969DE0-4342-474E-A83B-BF34DAF05600}"
EndProject
Project("{2150E333-8FDC-42A3-9474-1A3956D46DE8}") = "SolutionItems", "SolutionItems", "{914CFF67-B4A4-464F-B3DB-23A8B09F88E2}"
	ProjectSection(SolutionItems) = preProject
		..\..\.editorconfig = ..\..\.editorconfig
		nuget.config = nuget.config
	EndProjectSection
EndProject
Project("{9A19103F-16F7-4668-BE54-9A1E7A4F7556}") = "OrderCloud.Integrations.Library", "integrations\OrderCloud.Integrations.Library\OrderCloud.Integrations.Library.csproj", "{854B7782-2147-4820-9237-86AE4FE741D5}"
EndProject
Project("{9A19103F-16F7-4668-BE54-9A1E7A4F7556}") = "OrderCloud.Integrations.ExchangeRates", "integrations\OrderCloud.Integrations.ExchangeRates\OrderCloud.Integrations.ExchangeRates.csproj", "{D1C77C25-FC09-4E94-BF8A-35D55967ABE9}"
EndProject
Project("{9A19103F-16F7-4668-BE54-9A1E7A4F7556}") = "OrderCloud.Integrations.CardConnect", "integrations\OrderCloud.Integrations.CardConnect\OrderCloud.Integrations.CardConnect.csproj", "{5C320131-2000-4FCB-BCF6-0F8E62D52BCF}"
EndProject
Project("{9A19103F-16F7-4668-BE54-9A1E7A4F7556}") = "OrderCloud.Integrations.Avalara", "integrations\OrderCloud.Integrations.Avalara\OrderCloud.Integrations.Avalara.csproj", "{818EB883-B66B-4B88-8267-9CF196D05D8B}"
EndProject
Project("{9A19103F-16F7-4668-BE54-9A1E7A4F7556}") = "OrderCloud.Integrations.Smarty", "integrations\OrderCloud.Integrations.Smarty\OrderCloud.Integrations.Smarty.csproj", "{237BAFE6-2F8B-418A-8A50-026885ABC4CC}"
EndProject
Project("{2150E333-8FDC-42A3-9474-1A3956D46DE8}") = "Integrations", "Integrations", "{CCAF8AD5-2FCC-46E0-82EF-2FCC0EEC8B16}"
EndProject
Project("{9A19103F-16F7-4668-BE54-9A1E7A4F7556}") = "OrderCloud.Integrations.EasyPost", "integrations\OrderCloud.Integrations.EasyPost\OrderCloud.Integrations.EasyPost.csproj", "{DA2B1503-680A-44BA-B23D-0188BF282B2E}"
EndProject
Project("{9A19103F-16F7-4668-BE54-9A1E7A4F7556}") = "Headstart.Jobs", "src\Headstart.Jobs\Headstart.Jobs.csproj", "{93F86722-0DA4-40E6-88F8-FB6C6EE5A27A}"
EndProject
Project("{9A19103F-16F7-4668-BE54-9A1E7A4F7556}") = "OrderCloud.Integrations.Vertex", "integrations\OrderCloud.Integrations.Vertex\OrderCloud.Integrations.Vertex.csproj", "{FF77C6FA-058A-45E4-9D3D-A6D185892AEC}"
EndProject
Project("{9A19103F-16F7-4668-BE54-9A1E7A4F7556}") = "OrderCloud.Integrations.TaxJar", "integrations\OrderCloud.Integrations.TaxJar\OrderCloud.Integrations.TaxJar.csproj", "{39EA02AA-FD2B-4FF5-9CF4-6215659894A8}"
EndProject
Project("{9A19103F-16F7-4668-BE54-9A1E7A4F7556}") = "Headstart.Tests", "tests\Headstart.Tests\Headstart.Tests.csproj", "{3DF689F2-9449-481B-A3C9-34C0B3FAA893}"
EndProject
Project("{9A19103F-16F7-4668-BE54-9A1E7A4F7556}") = "OrderCloud.Integrations.Avalara.Tests", "tests\OrderCloud.Integrations.Avalara.Tests\OrderCloud.Integrations.Avalara.Tests.csproj", "{4C1146C1-6063-4B4A-AA1F-6161EE996CCC}"
EndProject
Project("{9A19103F-16F7-4668-BE54-9A1E7A4F7556}") = "OrderCloud.Integrations.EasyPost.Tests", "tests\OrderCloud.Integrations.EasyPost.Tests\OrderCloud.Integrations.EasyPost.Tests.csproj", "{63182766-326C-4CDF-80EA-9830DE6DD447}"
EndProject
Project("{9A19103F-16F7-4668-BE54-9A1E7A4F7556}") = "OrderCloud.Integrations.ExchangeRates.Tests", "tests\OrderCloud.Integrations.ExchangeRates.Tests\OrderCloud.Integrations.ExchangeRates.Tests.csproj", "{37DBF8A7-6155-4308-A0BE-CBFF38356CDA}"
EndProject
Project("{9A19103F-16F7-4668-BE54-9A1E7A4F7556}") = "OrderCloud.Integrations.Library.Tests", "tests\OrderCloud.Integrations.Library.Tests\OrderCloud.Integrations.Library.Tests.csproj", "{E17BE54D-B758-470F-AD6E-CB819EE73BA3}"
EndProject
Project("{9A19103F-16F7-4668-BE54-9A1E7A4F7556}") = "OrderCloud.Integrations.CardConnect.Tests", "tests\OrderCloud.Integrations.CardConnect.Tests\OrderCloud.Integrations.CardConnect.Tests.csproj", "{E2A2F986-0E9E-496E-8912-CBCD4846049F}"
EndProject
Project("{9A19103F-16F7-4668-BE54-9A1E7A4F7556}") = "OrderCloud.Integrations.Taxation", "integrations\OrderCloud.Integrations.Taxation\OrderCloud.Integrations.Taxation.csproj", "{6DB6C9A7-1A26-4A68-9175-E625BEB7A652}"
EndProject
Project("{9A19103F-16F7-4668-BE54-9A1E7A4F7556}") = "OrderCloud.Integrations.SendGrid", "integrations\OrderCloud.Integrations.SendGrid\OrderCloud.Integrations.SendGrid.csproj", "{2886B522-A0DA-4D48-99DD-2EF5CC7A0239}"
EndProject
Project("{9A19103F-16F7-4668-BE54-9A1E7A4F7556}") = "OrderCloud.Integrations.Alerts", "integrations\OrderCloud.Integrations.Alerts\OrderCloud.Integrations.Alerts.csproj", "{47663334-7D34-45C3-8A00-44B67B2B23C2}"
EndProject
Project("{9A19103F-16F7-4668-BE54-9A1E7A4F7556}") = "OrderCloud.Integrations.Emails", "integrations\OrderCloud.Integrations.Emails\OrderCloud.Integrations.Emails.csproj", "{09E9F368-AA48-4E37-95EB-B1D688C3E09B}"
EndProject
Project("{9A19103F-16F7-4668-BE54-9A1E7A4F7556}") = "OrderCloud.Integrations.SendGrid.Tests", "tests\OrderCloud.Integrations.SendGrid.Tests\OrderCloud.Integrations.SendGrid.Tests.csproj", "{7A0C5B87-6A52-4495-8271-0B11E239F79E}"
EndProject
Project("{9A19103F-16F7-4668-BE54-9A1E7A4F7556}") = "OrderCloud.Integrations.Zoho", "integrations\OrderCloud.Integrations.Zoho\OrderCloud.Integrations.Zoho.csproj", "{12F97D61-1357-4420-AB58-22221C32695B}"
EndProject
Project("{9A19103F-16F7-4668-BE54-9A1E7A4F7556}") = "OrderCloud.Integrations.EnvironmentSeed", "integrations\OrderCloud.Integrations.EnvironmentSeed\OrderCloud.Integrations.EnvironmentSeed.csproj", "{06F92F00-80BE-4257-9A5A-B7B71C97686B}"
EndProject
Project("{9A19103F-16F7-4668-BE54-9A1E7A4F7556}") = "OrderCloud.Integrations.EnvironmentSeed.Tests", "tests\OrderCloud.Integrations.EnvironmentSeed.Tests\OrderCloud.Integrations.EnvironmentSeed.Tests.csproj", "{D05A6B06-290A-49B1-90B9-52BF34B42586}"
EndProject
Project("{9A19103F-16F7-4668-BE54-9A1E7A4F7556}") = "OrderCloud.Integrations.RMAs", "integrations\OrderCloud.Integrations.RMAs\OrderCloud.Integrations.RMAs.csproj", "{6764A56B-AE68-4E04-A742-BD796CE7D9CF}"
EndProject
Project("{9A19103F-16F7-4668-BE54-9A1E7A4F7556}") = "OrderCloud.Integrations.Portal", "integrations\OrderCloud.Integrations.Portal\OrderCloud.Integrations.Portal.csproj", "{F72B0BC1-77B4-4A49-BFF8-125F3F3DF2DC}"
EndProject
Project("{9A19103F-16F7-4668-BE54-9A1E7A4F7556}") = "OrderCloud.Integrations.AzureStorage", "integrations\OrderCloud.Integrations.AzureStorage\OrderCloud.Integrations.AzureStorage.csproj", "{EE64471D-58A6-476C-8F84-7CFA59ACED8E}"
EndProject
Project("{9A19103F-16F7-4668-BE54-9A1E7A4F7556}") = "OrderCloud.Integrations.CMS", "integrations\OrderCloud.Integrations.CMS\OrderCloud.Integrations.CMS.csproj", "{B30A8773-D8D1-4751-8166-0AC2343BF3DB}"
EndProject
Global
	GlobalSection(SolutionConfigurationPlatforms) = preSolution
		Debug|Any CPU = Debug|Any CPU
		Release|Any CPU = Release|Any CPU
	EndGlobalSection
	GlobalSection(ProjectConfigurationPlatforms) = postSolution
		{487E6294-64B7-4D14-A906-71513D5C49E4}.Debug|Any CPU.ActiveCfg = Debug|Any CPU
		{487E6294-64B7-4D14-A906-71513D5C49E4}.Debug|Any CPU.Build.0 = Debug|Any CPU
		{487E6294-64B7-4D14-A906-71513D5C49E4}.Release|Any CPU.ActiveCfg = Release|Any CPU
		{487E6294-64B7-4D14-A906-71513D5C49E4}.Release|Any CPU.Build.0 = Release|Any CPU
		{BCC741E1-26B7-4AB3-9CA4-D74128C5EB10}.Debug|Any CPU.ActiveCfg = Debug|Any CPU
		{BCC741E1-26B7-4AB3-9CA4-D74128C5EB10}.Debug|Any CPU.Build.0 = Debug|Any CPU
		{BCC741E1-26B7-4AB3-9CA4-D74128C5EB10}.Release|Any CPU.ActiveCfg = Release|Any CPU
		{BCC741E1-26B7-4AB3-9CA4-D74128C5EB10}.Release|Any CPU.Build.0 = Release|Any CPU
		{854B7782-2147-4820-9237-86AE4FE741D5}.Debug|Any CPU.ActiveCfg = Debug|Any CPU
		{854B7782-2147-4820-9237-86AE4FE741D5}.Debug|Any CPU.Build.0 = Debug|Any CPU
		{854B7782-2147-4820-9237-86AE4FE741D5}.Release|Any CPU.ActiveCfg = Release|Any CPU
		{854B7782-2147-4820-9237-86AE4FE741D5}.Release|Any CPU.Build.0 = Release|Any CPU
		{D1C77C25-FC09-4E94-BF8A-35D55967ABE9}.Debug|Any CPU.ActiveCfg = Debug|Any CPU
		{D1C77C25-FC09-4E94-BF8A-35D55967ABE9}.Debug|Any CPU.Build.0 = Debug|Any CPU
		{D1C77C25-FC09-4E94-BF8A-35D55967ABE9}.Release|Any CPU.ActiveCfg = Release|Any CPU
		{D1C77C25-FC09-4E94-BF8A-35D55967ABE9}.Release|Any CPU.Build.0 = Release|Any CPU
		{5C320131-2000-4FCB-BCF6-0F8E62D52BCF}.Debug|Any CPU.ActiveCfg = Debug|Any CPU
		{5C320131-2000-4FCB-BCF6-0F8E62D52BCF}.Debug|Any CPU.Build.0 = Debug|Any CPU
		{5C320131-2000-4FCB-BCF6-0F8E62D52BCF}.Release|Any CPU.ActiveCfg = Release|Any CPU
		{5C320131-2000-4FCB-BCF6-0F8E62D52BCF}.Release|Any CPU.Build.0 = Release|Any CPU
		{818EB883-B66B-4B88-8267-9CF196D05D8B}.Debug|Any CPU.ActiveCfg = Debug|Any CPU
		{818EB883-B66B-4B88-8267-9CF196D05D8B}.Debug|Any CPU.Build.0 = Debug|Any CPU
		{818EB883-B66B-4B88-8267-9CF196D05D8B}.Release|Any CPU.ActiveCfg = Release|Any CPU
		{818EB883-B66B-4B88-8267-9CF196D05D8B}.Release|Any CPU.Build.0 = Release|Any CPU
		{237BAFE6-2F8B-418A-8A50-026885ABC4CC}.Debug|Any CPU.ActiveCfg = Debug|Any CPU
		{237BAFE6-2F8B-418A-8A50-026885ABC4CC}.Debug|Any CPU.Build.0 = Debug|Any CPU
		{237BAFE6-2F8B-418A-8A50-026885ABC4CC}.Release|Any CPU.ActiveCfg = Release|Any CPU
		{237BAFE6-2F8B-418A-8A50-026885ABC4CC}.Release|Any CPU.Build.0 = Release|Any CPU
		{DA2B1503-680A-44BA-B23D-0188BF282B2E}.Debug|Any CPU.ActiveCfg = Debug|Any CPU
		{DA2B1503-680A-44BA-B23D-0188BF282B2E}.Debug|Any CPU.Build.0 = Debug|Any CPU
		{DA2B1503-680A-44BA-B23D-0188BF282B2E}.Release|Any CPU.ActiveCfg = Release|Any CPU
		{DA2B1503-680A-44BA-B23D-0188BF282B2E}.Release|Any CPU.Build.0 = Release|Any CPU
		{93F86722-0DA4-40E6-88F8-FB6C6EE5A27A}.Debug|Any CPU.ActiveCfg = Debug|Any CPU
		{93F86722-0DA4-40E6-88F8-FB6C6EE5A27A}.Debug|Any CPU.Build.0 = Debug|Any CPU
		{93F86722-0DA4-40E6-88F8-FB6C6EE5A27A}.Release|Any CPU.ActiveCfg = Release|Any CPU
		{93F86722-0DA4-40E6-88F8-FB6C6EE5A27A}.Release|Any CPU.Build.0 = Release|Any CPU
		{FF77C6FA-058A-45E4-9D3D-A6D185892AEC}.Debug|Any CPU.ActiveCfg = Debug|Any CPU
		{FF77C6FA-058A-45E4-9D3D-A6D185892AEC}.Debug|Any CPU.Build.0 = Debug|Any CPU
		{FF77C6FA-058A-45E4-9D3D-A6D185892AEC}.Release|Any CPU.ActiveCfg = Release|Any CPU
		{FF77C6FA-058A-45E4-9D3D-A6D185892AEC}.Release|Any CPU.Build.0 = Release|Any CPU
		{39EA02AA-FD2B-4FF5-9CF4-6215659894A8}.Debug|Any CPU.ActiveCfg = Debug|Any CPU
		{39EA02AA-FD2B-4FF5-9CF4-6215659894A8}.Debug|Any CPU.Build.0 = Debug|Any CPU
		{39EA02AA-FD2B-4FF5-9CF4-6215659894A8}.Release|Any CPU.ActiveCfg = Release|Any CPU
		{39EA02AA-FD2B-4FF5-9CF4-6215659894A8}.Release|Any CPU.Build.0 = Release|Any CPU
		{3DF689F2-9449-481B-A3C9-34C0B3FAA893}.Debug|Any CPU.ActiveCfg = Debug|Any CPU
		{3DF689F2-9449-481B-A3C9-34C0B3FAA893}.Debug|Any CPU.Build.0 = Debug|Any CPU
		{3DF689F2-9449-481B-A3C9-34C0B3FAA893}.Release|Any CPU.ActiveCfg = Release|Any CPU
		{3DF689F2-9449-481B-A3C9-34C0B3FAA893}.Release|Any CPU.Build.0 = Release|Any CPU
		{4C1146C1-6063-4B4A-AA1F-6161EE996CCC}.Debug|Any CPU.ActiveCfg = Debug|Any CPU
		{4C1146C1-6063-4B4A-AA1F-6161EE996CCC}.Debug|Any CPU.Build.0 = Debug|Any CPU
		{4C1146C1-6063-4B4A-AA1F-6161EE996CCC}.Release|Any CPU.ActiveCfg = Release|Any CPU
		{4C1146C1-6063-4B4A-AA1F-6161EE996CCC}.Release|Any CPU.Build.0 = Release|Any CPU
		{63182766-326C-4CDF-80EA-9830DE6DD447}.Debug|Any CPU.ActiveCfg = Debug|Any CPU
		{63182766-326C-4CDF-80EA-9830DE6DD447}.Debug|Any CPU.Build.0 = Debug|Any CPU
		{63182766-326C-4CDF-80EA-9830DE6DD447}.Release|Any CPU.ActiveCfg = Release|Any CPU
		{63182766-326C-4CDF-80EA-9830DE6DD447}.Release|Any CPU.Build.0 = Release|Any CPU
		{37DBF8A7-6155-4308-A0BE-CBFF38356CDA}.Debug|Any CPU.ActiveCfg = Debug|Any CPU
		{37DBF8A7-6155-4308-A0BE-CBFF38356CDA}.Debug|Any CPU.Build.0 = Debug|Any CPU
		{37DBF8A7-6155-4308-A0BE-CBFF38356CDA}.Release|Any CPU.ActiveCfg = Release|Any CPU
		{37DBF8A7-6155-4308-A0BE-CBFF38356CDA}.Release|Any CPU.Build.0 = Release|Any CPU
		{E17BE54D-B758-470F-AD6E-CB819EE73BA3}.Debug|Any CPU.ActiveCfg = Debug|Any CPU
		{E17BE54D-B758-470F-AD6E-CB819EE73BA3}.Debug|Any CPU.Build.0 = Debug|Any CPU
		{E17BE54D-B758-470F-AD6E-CB819EE73BA3}.Release|Any CPU.ActiveCfg = Release|Any CPU
		{E17BE54D-B758-470F-AD6E-CB819EE73BA3}.Release|Any CPU.Build.0 = Release|Any CPU
		{E2A2F986-0E9E-496E-8912-CBCD4846049F}.Debug|Any CPU.ActiveCfg = Debug|Any CPU
		{E2A2F986-0E9E-496E-8912-CBCD4846049F}.Debug|Any CPU.Build.0 = Debug|Any CPU
		{E2A2F986-0E9E-496E-8912-CBCD4846049F}.Release|Any CPU.ActiveCfg = Release|Any CPU
		{E2A2F986-0E9E-496E-8912-CBCD4846049F}.Release|Any CPU.Build.0 = Release|Any CPU
		{6DB6C9A7-1A26-4A68-9175-E625BEB7A652}.Debug|Any CPU.ActiveCfg = Debug|Any CPU
		{6DB6C9A7-1A26-4A68-9175-E625BEB7A652}.Debug|Any CPU.Build.0 = Debug|Any CPU
		{6DB6C9A7-1A26-4A68-9175-E625BEB7A652}.Release|Any CPU.ActiveCfg = Release|Any CPU
		{6DB6C9A7-1A26-4A68-9175-E625BEB7A652}.Release|Any CPU.Build.0 = Release|Any CPU
		{2886B522-A0DA-4D48-99DD-2EF5CC7A0239}.Debug|Any CPU.ActiveCfg = Debug|Any CPU
		{2886B522-A0DA-4D48-99DD-2EF5CC7A0239}.Debug|Any CPU.Build.0 = Debug|Any CPU
		{2886B522-A0DA-4D48-99DD-2EF5CC7A0239}.Release|Any CPU.ActiveCfg = Release|Any CPU
		{2886B522-A0DA-4D48-99DD-2EF5CC7A0239}.Release|Any CPU.Build.0 = Release|Any CPU
		{47663334-7D34-45C3-8A00-44B67B2B23C2}.Debug|Any CPU.ActiveCfg = Debug|Any CPU
		{47663334-7D34-45C3-8A00-44B67B2B23C2}.Debug|Any CPU.Build.0 = Debug|Any CPU
		{47663334-7D34-45C3-8A00-44B67B2B23C2}.Release|Any CPU.ActiveCfg = Release|Any CPU
		{47663334-7D34-45C3-8A00-44B67B2B23C2}.Release|Any CPU.Build.0 = Release|Any CPU
		{09E9F368-AA48-4E37-95EB-B1D688C3E09B}.Debug|Any CPU.ActiveCfg = Debug|Any CPU
		{09E9F368-AA48-4E37-95EB-B1D688C3E09B}.Debug|Any CPU.Build.0 = Debug|Any CPU
		{09E9F368-AA48-4E37-95EB-B1D688C3E09B}.Release|Any CPU.ActiveCfg = Release|Any CPU
		{09E9F368-AA48-4E37-95EB-B1D688C3E09B}.Release|Any CPU.Build.0 = Release|Any CPU
		{7A0C5B87-6A52-4495-8271-0B11E239F79E}.Debug|Any CPU.ActiveCfg = Debug|Any CPU
		{7A0C5B87-6A52-4495-8271-0B11E239F79E}.Debug|Any CPU.Build.0 = Debug|Any CPU
		{7A0C5B87-6A52-4495-8271-0B11E239F79E}.Release|Any CPU.ActiveCfg = Release|Any CPU
		{7A0C5B87-6A52-4495-8271-0B11E239F79E}.Release|Any CPU.Build.0 = Release|Any CPU
		{12F97D61-1357-4420-AB58-22221C32695B}.Debug|Any CPU.ActiveCfg = Debug|Any CPU
		{12F97D61-1357-4420-AB58-22221C32695B}.Debug|Any CPU.Build.0 = Debug|Any CPU
		{12F97D61-1357-4420-AB58-22221C32695B}.Release|Any CPU.ActiveCfg = Release|Any CPU
		{12F97D61-1357-4420-AB58-22221C32695B}.Release|Any CPU.Build.0 = Release|Any CPU
		{06F92F00-80BE-4257-9A5A-B7B71C97686B}.Debug|Any CPU.ActiveCfg = Debug|Any CPU
		{06F92F00-80BE-4257-9A5A-B7B71C97686B}.Debug|Any CPU.Build.0 = Debug|Any CPU
		{06F92F00-80BE-4257-9A5A-B7B71C97686B}.Release|Any CPU.ActiveCfg = Release|Any CPU
		{06F92F00-80BE-4257-9A5A-B7B71C97686B}.Release|Any CPU.Build.0 = Release|Any CPU
		{D05A6B06-290A-49B1-90B9-52BF34B42586}.Debug|Any CPU.ActiveCfg = Debug|Any CPU
		{D05A6B06-290A-49B1-90B9-52BF34B42586}.Debug|Any CPU.Build.0 = Debug|Any CPU
		{D05A6B06-290A-49B1-90B9-52BF34B42586}.Release|Any CPU.ActiveCfg = Release|Any CPU
		{D05A6B06-290A-49B1-90B9-52BF34B42586}.Release|Any CPU.Build.0 = Release|Any CPU
		{6764A56B-AE68-4E04-A742-BD796CE7D9CF}.Debug|Any CPU.ActiveCfg = Debug|Any CPU
		{6764A56B-AE68-4E04-A742-BD796CE7D9CF}.Debug|Any CPU.Build.0 = Debug|Any CPU
		{6764A56B-AE68-4E04-A742-BD796CE7D9CF}.Release|Any CPU.ActiveCfg = Release|Any CPU
		{6764A56B-AE68-4E04-A742-BD796CE7D9CF}.Release|Any CPU.Build.0 = Release|Any CPU
		{F72B0BC1-77B4-4A49-BFF8-125F3F3DF2DC}.Debug|Any CPU.ActiveCfg = Debug|Any CPU
		{F72B0BC1-77B4-4A49-BFF8-125F3F3DF2DC}.Debug|Any CPU.Build.0 = Debug|Any CPU
		{F72B0BC1-77B4-4A49-BFF8-125F3F3DF2DC}.Release|Any CPU.ActiveCfg = Release|Any CPU
		{F72B0BC1-77B4-4A49-BFF8-125F3F3DF2DC}.Release|Any CPU.Build.0 = Release|Any CPU
		{EE64471D-58A6-476C-8F84-7CFA59ACED8E}.Debug|Any CPU.ActiveCfg = Debug|Any CPU
		{EE64471D-58A6-476C-8F84-7CFA59ACED8E}.Debug|Any CPU.Build.0 = Debug|Any CPU
		{EE64471D-58A6-476C-8F84-7CFA59ACED8E}.Release|Any CPU.ActiveCfg = Release|Any CPU
		{EE64471D-58A6-476C-8F84-7CFA59ACED8E}.Release|Any CPU.Build.0 = Release|Any CPU
		{B30A8773-D8D1-4751-8166-0AC2343BF3DB}.Debug|Any CPU.ActiveCfg = Debug|Any CPU
		{B30A8773-D8D1-4751-8166-0AC2343BF3DB}.Debug|Any CPU.Build.0 = Debug|Any CPU
		{B30A8773-D8D1-4751-8166-0AC2343BF3DB}.Release|Any CPU.ActiveCfg = Release|Any CPU
		{B30A8773-D8D1-4751-8166-0AC2343BF3DB}.Release|Any CPU.Build.0 = Release|Any CPU
	EndGlobalSection
	GlobalSection(SolutionProperties) = preSolution
		HideSolutionNode = FALSE
	EndGlobalSection
	GlobalSection(NestedProjects) = preSolution
		{854B7782-2147-4820-9237-86AE4FE741D5} = {CCAF8AD5-2FCC-46E0-82EF-2FCC0EEC8B16}
		{D1C77C25-FC09-4E94-BF8A-35D55967ABE9} = {CCAF8AD5-2FCC-46E0-82EF-2FCC0EEC8B16}
		{5C320131-2000-4FCB-BCF6-0F8E62D52BCF} = {CCAF8AD5-2FCC-46E0-82EF-2FCC0EEC8B16}
		{818EB883-B66B-4B88-8267-9CF196D05D8B} = {CCAF8AD5-2FCC-46E0-82EF-2FCC0EEC8B16}
		{237BAFE6-2F8B-418A-8A50-026885ABC4CC} = {CCAF8AD5-2FCC-46E0-82EF-2FCC0EEC8B16}
		{DA2B1503-680A-44BA-B23D-0188BF282B2E} = {CCAF8AD5-2FCC-46E0-82EF-2FCC0EEC8B16}
		{FF77C6FA-058A-45E4-9D3D-A6D185892AEC} = {CCAF8AD5-2FCC-46E0-82EF-2FCC0EEC8B16}
		{39EA02AA-FD2B-4FF5-9CF4-6215659894A8} = {CCAF8AD5-2FCC-46E0-82EF-2FCC0EEC8B16}
		{3DF689F2-9449-481B-A3C9-34C0B3FAA893} = {0B969DE0-4342-474E-A83B-BF34DAF05600}
		{4C1146C1-6063-4B4A-AA1F-6161EE996CCC} = {0B969DE0-4342-474E-A83B-BF34DAF05600}
		{63182766-326C-4CDF-80EA-9830DE6DD447} = {0B969DE0-4342-474E-A83B-BF34DAF05600}
		{37DBF8A7-6155-4308-A0BE-CBFF38356CDA} = {0B969DE0-4342-474E-A83B-BF34DAF05600}
		{E17BE54D-B758-470F-AD6E-CB819EE73BA3} = {0B969DE0-4342-474E-A83B-BF34DAF05600}
		{E2A2F986-0E9E-496E-8912-CBCD4846049F} = {0B969DE0-4342-474E-A83B-BF34DAF05600}
		{6DB6C9A7-1A26-4A68-9175-E625BEB7A652} = {CCAF8AD5-2FCC-46E0-82EF-2FCC0EEC8B16}
		{2886B522-A0DA-4D48-99DD-2EF5CC7A0239} = {CCAF8AD5-2FCC-46E0-82EF-2FCC0EEC8B16}
		{47663334-7D34-45C3-8A00-44B67B2B23C2} = {CCAF8AD5-2FCC-46E0-82EF-2FCC0EEC8B16}
		{09E9F368-AA48-4E37-95EB-B1D688C3E09B} = {CCAF8AD5-2FCC-46E0-82EF-2FCC0EEC8B16}
		{7A0C5B87-6A52-4495-8271-0B11E239F79E} = {0B969DE0-4342-474E-A83B-BF34DAF05600}
		{12F97D61-1357-4420-AB58-22221C32695B} = {CCAF8AD5-2FCC-46E0-82EF-2FCC0EEC8B16}
		{06F92F00-80BE-4257-9A5A-B7B71C97686B} = {CCAF8AD5-2FCC-46E0-82EF-2FCC0EEC8B16}
		{D05A6B06-290A-49B1-90B9-52BF34B42586} = {0B969DE0-4342-474E-A83B-BF34DAF05600}
		{6764A56B-AE68-4E04-A742-BD796CE7D9CF} = {CCAF8AD5-2FCC-46E0-82EF-2FCC0EEC8B16}
		{F72B0BC1-77B4-4A49-BFF8-125F3F3DF2DC} = {CCAF8AD5-2FCC-46E0-82EF-2FCC0EEC8B16}
		{EE64471D-58A6-476C-8F84-7CFA59ACED8E} = {CCAF8AD5-2FCC-46E0-82EF-2FCC0EEC8B16}
		{B30A8773-D8D1-4751-8166-0AC2343BF3DB} = {CCAF8AD5-2FCC-46E0-82EF-2FCC0EEC8B16}
	EndGlobalSection
	GlobalSection(ExtensibilityGlobals) = postSolution
		SolutionGuid = {D28C7C46-780F-4A68-80B8-9789997A37F7}
	EndGlobalSection
EndGlobal
